
Microsoft Visual Studio Solution File, Format Version 12.00
# Visual Studio Version 16
VisualStudioVersion = 16.0.31321.278
MinimumVisualStudioVersion = 10.0.40219.1
Project("{FAE04EC0-301F-11D3-BF4B-00C04F79EFBC}") = "Bank Applications", "Bank Applications\Bank Applications.csproj", "{C913487A-0862-4AD1-B8B3-430961EB136B}"
EndProject
Project("{FAE04EC0-301F-11D3-BF4B-00C04F79EFBC}") = "Bus Application", "Bus Application\Bus Application.csproj", "{560D9FE6-7155-4349-A312-5583E331EEF0}"
EndProject
Global
	GlobalSection(SolutionConfigurationPlatforms) = preSolution
		Debug|Any CPU = Debug|Any CPU
		Release|Any CPU = Release|Any CPU
	EndGlobalSection
	GlobalSection(ProjectConfigurationPlatforms) = postSolution
		{C913487A-0862-4AD1-B8B3-430961EB136B}.Debug|Any CPU.ActiveCfg = Debug|Any CPU
		{C913487A-0862-4AD1-B8B3-430961EB136B}.Debug|Any CPU.Build.0 = Debug|Any CPU
		{C913487A-0862-4AD1-B8B3-430961EB136B}.Release|Any CPU.ActiveCfg = Release|Any CPU
		{C913487A-0862-4AD1-B8B3-430961EB136B}.Release|Any CPU.Build.0 = Release|Any CPU
		{560D9FE6-7155-4349-A312-5583E331EEF0}.Debug|Any CPU.ActiveCfg = Debug|Any CPU
		{560D9FE6-7155-4349-A312-5583E331EEF0}.Debug|Any CPU.Build.0 = Debug|Any CPU
		{560D9FE6-7155-4349-A312-5583E331EEF0}.Release|Any CPU.ActiveCfg = Release|Any CPU
		{560D9FE6-7155-4349-A312-5583E331EEF0}.Release|Any CPU.Build.0 = Release|Any CPU
	EndGlobalSection
	GlobalSection(SolutionProperties) = preSolution
		HideSolutionNode = FALSE
	EndGlobalSection
	GlobalSection(ExtensibilityGlobals) = postSolution
		SolutionGuid = {A7D7AE78-2908-4CB9-B3CD-0FD14BBA7F63}
	EndGlobalSection
EndGlobal
